// !$*UTF8*$!
{
	archiveVersion = 1;
	classes = {
	};
	objectVersion = 56;
	objects = {

/* Begin PBXBuildFile section */
		/* App */
		F0000001001 /* SuperDrumsApp.swift in Sources */ = {isa = PBXBuildFile; fileRef = F0000002001 /* SuperDrumsApp.swift */; };
		F0000001002 /* ContentView.swift in Sources */ = {isa = PBXBuildFile; fileRef = F0000002002 /* ContentView.swift */; };
		/* Models */
		F0000001003 /* DrumVoiceType.swift in Sources */ = {isa = PBXBuildFile; fileRef = F0000002003 /* DrumVoiceType.swift */; };
		F0000001004 /* Voice.swift in Sources */ = {isa = PBXBuildFile; fileRef = F0000002004 /* Voice.swift */; };
		F0000001005 /* Step.swift in Sources */ = {isa = PBXBuildFile; fileRef = F0000002005 /* Step.swift */; };
		F0000001006 /* Pattern.swift in Sources */ = {isa = PBXBuildFile; fileRef = F0000002006 /* Pattern.swift */; };
		F0000001007 /* Project.swift in Sources */ = {isa = PBXBuildFile; fileRef = F0000002007 /* Project.swift */; };
		F0000001027 /* TrackRandomizationSettings.swift in Sources */ = {isa = PBXBuildFile; fileRef = F0000002027 /* TrackRandomizationSettings.swift */; };
		F0000001030 /* SongArrangementEntry.swift in Sources */ = {isa = PBXBuildFile; fileRef = F0000002030 /* SongArrangementEntry.swift */; };
		/* Store */
		F0000001008 /* AppStore.swift in Sources */ = {isa = PBXBuildFile; fileRef = F0000002008 /* AppStore.swift */; };
		/* Theme */
		F0000001009 /* UIColors.swift in Sources */ = {isa = PBXBuildFile; fileRef = F0000002009 /* UIColors.swift */; };
		F0000001010 /* UIStyles.swift in Sources */ = {isa = PBXBuildFile; fileRef = F0000002010 /* UIStyles.swift */; };
		/* Components */
		F0000001011 /* UIKnob.swift in Sources */ = {isa = PBXBuildFile; fileRef = F0000002011 /* UIKnob.swift */; };
		F0000001012 /* UIFader.swift in Sources */ = {isa = PBXBuildFile; fileRef = F0000002012 /* UIFader.swift */; };
		F0000001013 /* UIStepButton.swift in Sources */ = {isa = PBXBuildFile; fileRef = F0000002013 /* UIStepButton.swift */; };
		F0000001014 /* UIPadButton.swift in Sources */ = {isa = PBXBuildFile; fileRef = F0000002014 /* UIPadButton.swift */; };
		F0000001015 /* UITabBar.swift in Sources */ = {isa = PBXBuildFile; fileRef = F0000002015 /* UITabBar.swift */; };
		/* Sequencer */
		F0000001016 /* UISequencerView.swift in Sources */ = {isa = PBXBuildFile; fileRef = F0000002016 /* UISequencerView.swift */; };
		F0000001017 /* UISequencerTrackRow.swift in Sources */ = {isa = PBXBuildFile; fileRef = F0000002017 /* UISequencerTrackRow.swift */; };
		F0000001018 /* UISequencerStepCell.swift in Sources */ = {isa = PBXBuildFile; fileRef = F0000002018 /* UISequencerStepCell.swift */; };
		F0000001028 /* UITrackOptionsPanel.swift in Sources */ = {isa = PBXBuildFile; fileRef = F0000002028 /* UITrackOptionsPanel.swift */; };
		F0000001029 /* UIParameterLockEditor.swift in Sources */ = {isa = PBXBuildFile; fileRef = F0000002029 /* UIParameterLockEditor.swift */; };
		F0000001031 /* UISongArrangementEditor.swift in Sources */ = {isa = PBXBuildFile; fileRef = F0000002031 /* UISongArrangementEditor.swift */; };
		/* Mixer */
		F0000001019 /* UIMixerView.swift in Sources */ = {isa = PBXBuildFile; fileRef = F0000002019 /* UIMixerView.swift */; };
		F0000001020 /* UIMixerChannel.swift in Sources */ = {isa = PBXBuildFile; fileRef = F0000002020 /* UIMixerChannel.swift */; };
		/* SoundDesign */
		F0000001021 /* UISoundDesignView.swift in Sources */ = {isa = PBXBuildFile; fileRef = F0000002021 /* UISoundDesignView.swift */; };
		F0000001022 /* UIVoiceEditor.swift in Sources */ = {isa = PBXBuildFile; fileRef = F0000002022 /* UIVoiceEditor.swift */; };
		/* Performance */
		F0000001023 /* UIPerformanceView.swift in Sources */ = {isa = PBXBuildFile; fileRef = F0000002023 /* UIPerformanceView.swift */; };
		F0000001024 /* UIXYPad.swift in Sources */ = {isa = PBXBuildFile; fileRef = F0000002024 /* UIXYPad.swift */; };
		/* DSP */
		F0000001025 /* DSPEngine.swift in Sources */ = {isa = PBXBuildFile; fileRef = F0000002025 /* DSPEngine.swift */; };
		/* Assets */
		F0000001026 /* Assets.xcassets in Resources */ = {isa = PBXBuildFile; fileRef = F0000002026 /* Assets.xcassets */; };
/* End PBXBuildFile section */

/* Begin PBXFileReference section */
		F0000003001 /* SuperDrums.app */ = {isa = PBXFileReference; explicitFileType = wrapper.application; includeInIndex = 0; path = SuperDrums.app; sourceTree = BUILT_PRODUCTS_DIR; };
		/* App */
		F0000002001 /* SuperDrumsApp.swift */ = {isa = PBXFileReference; lastKnownFileType = sourcecode.swift; path = SuperDrumsApp.swift; sourceTree = "<group>"; };
		F0000002002 /* ContentView.swift */ = {isa = PBXFileReference; lastKnownFileType = sourcecode.swift; path = ContentView.swift; sourceTree = "<group>"; };
		/* Models */
		F0000002003 /* DrumVoiceType.swift */ = {isa = PBXFileReference; lastKnownFileType = sourcecode.swift; path = DrumVoiceType.swift; sourceTree = "<group>"; };
		F0000002004 /* Voice.swift */ = {isa = PBXFileReference; lastKnownFileType = sourcecode.swift; path = Voice.swift; sourceTree = "<group>"; };
		F0000002005 /* Step.swift */ = {isa = PBXFileReference; lastKnownFileType = sourcecode.swift; path = Step.swift; sourceTree = "<group>"; };
		F0000002006 /* Pattern.swift */ = {isa = PBXFileReference; lastKnownFileType = sourcecode.swift; path = Pattern.swift; sourceTree = "<group>"; };
		F0000002007 /* Project.swift */ = {isa = PBXFileReference; lastKnownFileType = sourcecode.swift; path = Project.swift; sourceTree = "<group>"; };
		F0000002027 /* TrackRandomizationSettings.swift */ = {isa = PBXFileReference; lastKnownFileType = sourcecode.swift; path = TrackRandomizationSettings.swift; sourceTree = "<group>"; };
		F0000002030 /* SongArrangementEntry.swift */ = {isa = PBXFileReference; lastKnownFileType = sourcecode.swift; path = SongArrangementEntry.swift; sourceTree = "<group>"; };
		/* Store */
		F0000002008 /* AppStore.swift */ = {isa = PBXFileReference; lastKnownFileType = sourcecode.swift; path = AppStore.swift; sourceTree = "<group>"; };
		/* Theme */
		F0000002009 /* UIColors.swift */ = {isa = PBXFileReference; lastKnownFileType = sourcecode.swift; path = UIColors.swift; sourceTree = "<group>"; };
		F0000002010 /* UIStyles.swift */ = {isa = PBXFileReference; lastKnownFileType = sourcecode.swift; path = UIStyles.swift; sourceTree = "<group>"; };
		/* Components */
		F0000002011 /* UIKnob.swift */ = {isa = PBXFileReference; lastKnownFileType = sourcecode.swift; path = UIKnob.swift; sourceTree = "<group>"; };
		F0000002012 /* UIFader.swift */ = {isa = PBXFileReference; lastKnownFileType = sourcecode.swift; path = UIFader.swift; sourceTree = "<group>"; };
		F0000002013 /* UIStepButton.swift */ = {isa = PBXFileReference; lastKnownFileType = sourcecode.swift; path = UIStepButton.swift; sourceTree = "<group>"; };
		F0000002014 /* UIPadButton.swift */ = {isa = PBXFileReference; lastKnownFileType = sourcecode.swift; path = UIPadButton.swift; sourceTree = "<group>"; };
		F0000002015 /* UITabBar.swift */ = {isa = PBXFileReference; lastKnownFileType = sourcecode.swift; path = UITabBar.swift; sourceTree = "<group>"; };
		/* Sequencer */
		F0000002016 /* UISequencerView.swift */ = {isa = PBXFileReference; lastKnownFileType = sourcecode.swift; path = UISequencerView.swift; sourceTree = "<group>"; };
		F0000002017 /* UISequencerTrackRow.swift */ = {isa = PBXFileReference; lastKnownFileType = sourcecode.swift; path = UISequencerTrackRow.swift; sourceTree = "<group>"; };
		F0000002018 /* UISequencerStepCell.swift */ = {isa = PBXFileReference; lastKnownFileType = sourcecode.swift; path = UISequencerStepCell.swift; sourceTree = "<group>"; };
		F0000002028 /* UITrackOptionsPanel.swift */ = {isa = PBXFileReference; lastKnownFileType = sourcecode.swift; path = UITrackOptionsPanel.swift; sourceTree = "<group>"; };
		F0000002029 /* UIParameterLockEditor.swift */ = {isa = PBXFileReference; lastKnownFileType = sourcecode.swift; path = UIParameterLockEditor.swift; sourceTree = "<group>"; };
		F0000002031 /* UISongArrangementEditor.swift */ = {isa = PBXFileReference; lastKnownFileType = sourcecode.swift; path = UISongArrangementEditor.swift; sourceTree = "<group>"; };
		/* Mixer */
		F0000002019 /* UIMixerView.swift */ = {isa = PBXFileReference; lastKnownFileType = sourcecode.swift; path = UIMixerView.swift; sourceTree = "<group>"; };
		F0000002020 /* UIMixerChannel.swift */ = {isa = PBXFileReference; lastKnownFileType = sourcecode.swift; path = UIMixerChannel.swift; sourceTree = "<group>"; };
		/* SoundDesign */
		F0000002021 /* UISoundDesignView.swift */ = {isa = PBXFileReference; lastKnownFileType = sourcecode.swift; path = UISoundDesignView.swift; sourceTree = "<group>"; };
		F0000002022 /* UIVoiceEditor.swift */ = {isa = PBXFileReference; lastKnownFileType = sourcecode.swift; path = UIVoiceEditor.swift; sourceTree = "<group>"; };
		/* Performance */
		F0000002023 /* UIPerformanceView.swift */ = {isa = PBXFileReference; lastKnownFileType = sourcecode.swift; path = UIPerformanceView.swift; sourceTree = "<group>"; };
		F0000002024 /* UIXYPad.swift */ = {isa = PBXFileReference; lastKnownFileType = sourcecode.swift; path = UIXYPad.swift; sourceTree = "<group>"; };
		/* DSP */
		F0000002025 /* DSPEngine.swift */ = {isa = PBXFileReference; lastKnownFileType = sourcecode.swift; path = DSPEngine.swift; sourceTree = "<group>"; };
		/* Assets */
		F0000002026 /* Assets.xcassets */ = {isa = PBXFileReference; lastKnownFileType = folder.assetcatalog; path = Assets.xcassets; sourceTree = "<group>"; };
/* End PBXFileReference section */

/* Begin PBXFrameworksBuildPhase section */
		F0000004001 /* Frameworks */ = {
			isa = PBXFrameworksBuildPhase;
			buildActionMask = 2147483647;
			files = (
			);
			runOnlyForDeploymentPostprocessing = 0;
		};
/* End PBXFrameworksBuildPhase section */

/* Begin PBXGroup section */
		F0000005001 = {
			isa = PBXGroup;
			children = (
				F0000005002 /* SuperDrums */,
				F0000005003 /* Products */,
			);
			sourceTree = "<group>";
		};
		F0000005002 /* SuperDrums */ = {
			isa = PBXGroup;
			children = (
				F0000005004 /* App */,
				F0000005005 /* Core */,
				F0000005006 /* UI */,
				F0000005013 /* DSP */,
				F0000005014 /* Resources */,
			);
			path = SuperDrums;
			sourceTree = "<group>";
		};
		F0000005003 /* Products */ = {
			isa = PBXGroup;
			children = (
				F0000003001 /* SuperDrums.app */,
			);
			name = Products;
			sourceTree = "<group>";
		};
		F0000005004 /* App */ = {
			isa = PBXGroup;
			children = (
				F0000002001 /* SuperDrumsApp.swift */,
				F0000002002 /* ContentView.swift */,
			);
			path = App;
			sourceTree = "<group>";
		};
		F0000005005 /* Core */ = {
			isa = PBXGroup;
			children = (
				F0000005015 /* Models */,
				F0000005016 /* Store */,
			);
			path = Core;
			sourceTree = "<group>";
		};
		F0000005006 /* UI */ = {
			isa = PBXGroup;
			children = (
				F0000005007 /* Theme */,
				F0000005008 /* Components */,
				F0000005009 /* Sequencer */,
				F0000005010 /* Mixer */,
				F0000005011 /* SoundDesign */,
				F0000005012 /* Performance */,
			);
			path = UI;
			sourceTree = "<group>";
		};
		F0000005007 /* Theme */ = {
			isa = PBXGroup;
			children = (
				F0000002009 /* UIColors.swift */,
				F0000002010 /* UIStyles.swift */,
			);
			path = Theme;
			sourceTree = "<group>";
		};
		F0000005008 /* Components */ = {
			isa = PBXGroup;
			children = (
				F0000002011 /* UIKnob.swift */,
				F0000002012 /* UIFader.swift */,
				F0000002013 /* UIStepButton.swift */,
				F0000002014 /* UIPadButton.swift */,
				F0000002015 /* UITabBar.swift */,
			);
			path = Components;
			sourceTree = "<group>";
		};
		F0000005009 /* Sequencer */ = {
			isa = PBXGroup;
			children = (
				F0000002016 /* UISequencerView.swift */,
				F0000002017 /* UISequencerTrackRow.swift */,
				F0000002018 /* UISequencerStepCell.swift */,
				F0000002028 /* UITrackOptionsPanel.swift */,
				F0000002029 /* UIParameterLockEditor.swift */,
				F0000002031 /* UISongArrangementEditor.swift */,
			);
			path = Sequencer;
			sourceTree = "<group>";
		};
		F0000005010 /* Mixer */ = {
			isa = PBXGroup;
			children = (
				F0000002019 /* UIMixerView.swift */,
				F0000002020 /* UIMixerChannel.swift */,
			);
			path = Mixer;
			sourceTree = "<group>";
		};
		F0000005011 /* SoundDesign */ = {
			isa = PBXGroup;
			children = (
				F0000002021 /* UISoundDesignView.swift */,
				F0000002022 /* UIVoiceEditor.swift */,
			);
			path = SoundDesign;
			sourceTree = "<group>";
		};
		F0000005012 /* Performance */ = {
			isa = PBXGroup;
			children = (
				F0000002023 /* UIPerformanceView.swift */,
				F0000002024 /* UIXYPad.swift */,
			);
			path = Performance;
			sourceTree = "<group>";
		};
		F0000005013 /* DSP */ = {
			isa = PBXGroup;
			children = (
				F0000002025 /* DSPEngine.swift */,
			);
			path = DSP;
			sourceTree = "<group>";
		};
		F0000005014 /* Resources */ = {
			isa = PBXGroup;
			children = (
				F0000002026 /* Assets.xcassets */,
			);
			path = Resources;
			sourceTree = "<group>";
		};
		F0000005015 /* Models */ = {
			isa = PBXGroup;
			children = (
				F0000002003 /* DrumVoiceType.swift */,
				F0000002004 /* Voice.swift */,
				F0000002005 /* Step.swift */,
				F0000002006 /* Pattern.swift */,
				F0000002007 /* Project.swift */,
				F0000002027 /* TrackRandomizationSettings.swift */,
				F0000002030 /* SongArrangementEntry.swift */,
			);
			path = Models;
			sourceTree = "<group>";
		};
		F0000005016 /* Store */ = {
			isa = PBXGroup;
			children = (
				F0000002008 /* AppStore.swift */,
			);
			path = Store;
			sourceTree = "<group>";
		};
/* End PBXGroup section */

/* Begin PBXNativeTarget section */
		F0000006001 /* SuperDrums */ = {
			isa = PBXNativeTarget;
			buildConfigurationList = F0000008001 /* Build configuration list for PBXNativeTarget "SuperDrums" */;
			buildPhases = (
				F0000007001 /* Sources */,
				F0000004001 /* Frameworks */,
				F0000007002 /* Resources */,
			);
			buildRules = (
			);
			dependencies = (
			);
			name = SuperDrums;
			productName = SuperDrums;
			productReference = F0000003001 /* SuperDrums.app */;
			productType = "com.apple.product-type.application";
		};
/* End PBXNativeTarget section */

/* Begin PBXProject section */
		F0000009001 /* Project object */ = {
			isa = PBXProject;
			attributes = {
				BuildIndependentTargetsInParallel = 1;
				LastSwiftUpdateCheck = 1500;
				LastUpgradeCheck = 1500;
				TargetAttributes = {
					F0000006001 = {
						CreatedOnToolsVersion = 15.0;
					};
				};
			};
			buildConfigurationList = F0000008002 /* Build configuration list for PBXProject "SuperDrums" */;
			compatibilityVersion = "Xcode 14.0";
			developmentRegion = en;
			hasScannedForEncodings = 0;
			knownRegions = (
				en,
				Base,
			);
			mainGroup = F0000005001;
			productRefGroup = F0000005003 /* Products */;
			projectDirPath = "";
			projectRoot = "";
			targets = (
				F0000006001 /* SuperDrums */,
			);
		};
/* End PBXProject section */

/* Begin PBXResourcesBuildPhase section */
		F0000007002 /* Resources */ = {
			isa = PBXResourcesBuildPhase;
			buildActionMask = 2147483647;
			files = (
				F0000001026 /* Assets.xcassets in Resources */,
			);
			runOnlyForDeploymentPostprocessing = 0;
		};
/* End PBXResourcesBuildPhase section */

/* Begin PBXSourcesBuildPhase section */
		F0000007001 /* Sources */ = {
			isa = PBXSourcesBuildPhase;
			buildActionMask = 2147483647;
			files = (
				F0000001001 /* SuperDrumsApp.swift in Sources */,
				F0000001002 /* ContentView.swift in Sources */,
				F0000001003 /* DrumVoiceType.swift in Sources */,
				F0000001004 /* Voice.swift in Sources */,
				F0000001005 /* Step.swift in Sources */,
				F0000001006 /* Pattern.swift in Sources */,
				F0000001007 /* Project.swift in Sources */,
				F0000001027 /* TrackRandomizationSettings.swift in Sources */,
				F0000001030 /* SongArrangementEntry.swift in Sources */,
				F0000001008 /* AppStore.swift in Sources */,
				F0000001009 /* UIColors.swift in Sources */,
				F0000001010 /* UIStyles.swift in Sources */,
				F0000001011 /* UIKnob.swift in Sources */,
				F0000001012 /* UIFader.swift in Sources */,
				F0000001013 /* UIStepButton.swift in Sources */,
				F0000001014 /* UIPadButton.swift in Sources */,
				F0000001015 /* UITabBar.swift in Sources */,
				F0000001016 /* UISequencerView.swift in Sources */,
				F0000001017 /* UISequencerTrackRow.swift in Sources */,
				F0000001018 /* UISequencerStepCell.swift in Sources */,
				F0000001028 /* UITrackOptionsPanel.swift in Sources */,
				F0000001029 /* UIParameterLockEditor.swift in Sources */,
				F0000001031 /* UISongArrangementEditor.swift in Sources */,
				F0000001019 /* UIMixerView.swift in Sources */,
				F0000001020 /* UIMixerChannel.swift in Sources */,
				F0000001021 /* UISoundDesignView.swift in Sources */,
				F0000001022 /* UIVoiceEditor.swift in Sources */,
				F0000001023 /* UIPerformanceView.swift in Sources */,
				F0000001024 /* UIXYPad.swift in Sources */,
				F0000001025 /* DSPEngine.swift in Sources */,
			);
			runOnlyForDeploymentPostprocessing = 0;
		};
/* End PBXSourcesBuildPhase section */

/* Begin XCBuildConfiguration section */
		F000000A001 /* Debug */ = {
			isa = XCBuildConfiguration;
			buildSettings = {
				ALWAYS_SEARCH_USER_PATHS = NO;
				ASSETCATALOG_COMPILER_GENERATE_SWIFT_ASSET_SYMBOL_EXTENSIONS = YES;
				CLANG_ANALYZER_NONNULL = YES;
				CLANG_ANALYZER_NUMBER_OBJECT_CONVERSION = YES_AGGRESSIVE;
				CLANG_CXX_LANGUAGE_STANDARD = "gnu++20";
				CLANG_ENABLE_MODULES = YES;
				CLANG_ENABLE_OBJC_ARC = YES;
				CLANG_ENABLE_OBJC_WEAK = YES;
				CLANG_WARN_BLOCK_CAPTURE_AUTORELEASING = YES;
				CLANG_WARN_BOOL_CONVERSION = YES;
				CLANG_WARN_COMMA = YES;
				CLANG_WARN_CONSTANT_CONVERSION = YES;
				CLANG_WARN_DEPRECATED_OBJC_IMPLEMENTATIONS = YES;
				CLANG_WARN_DIRECT_OBJC_ISA_USAGE = YES_ERROR;
				CLANG_WARN_DOCUMENTATION_COMMENTS = YES;
				CLANG_WARN_EMPTY_BODY = YES;
				CLANG_WARN_ENUM_CONVERSION = YES;
				CLANG_WARN_INFINITE_RECURSION = YES;
				CLANG_WARN_INT_CONVERSION = YES;
				CLANG_WARN_NON_LITERAL_NULL_CONVERSION = YES;
				CLANG_WARN_OBJC_IMPLICIT_RETAIN_SELF = YES;
				CLANG_WARN_OBJC_LITERAL_CONVERSION = YES;
				CLANG_WARN_OBJC_ROOT_CLASS = YES_ERROR;
				CLANG_WARN_QUOTED_INCLUDE_IN_FRAMEWORK_HEADER = YES;
				CLANG_WARN_RANGE_LOOP_ANALYSIS = YES;
				CLANG_WARN_STRICT_PROTOTYPES = YES;
				CLANG_WARN_SUSPICIOUS_MOVE = YES;
				CLANG_WARN_UNGUARDED_AVAILABILITY = YES_AGGRESSIVE;
				CLANG_WARN_UNREACHABLE_CODE = YES;
				CLANG_WARN__DUPLICATE_METHOD_MATCH = YES;
				COPY_PHASE_STRIP = NO;
				DEBUG_INFORMATION_FORMAT = dwarf;
				ENABLE_STRICT_OBJC_MSGSEND = YES;
				ENABLE_TESTABILITY = YES;
				ENABLE_USER_SCRIPT_SANDBOXING = YES;
				GCC_C_LANGUAGE_STANDARD = gnu17;
				GCC_DYNAMIC_NO_PIC = NO;
				GCC_NO_COMMON_BLOCKS = YES;
				GCC_OPTIMIZATION_LEVEL = 0;
				GCC_PREPROCESSOR_DEFINITIONS = (
					"DEBUG=1",
					"$(inherited)",
				);
				GCC_WARN_64_TO_32_BIT_CONVERSION = YES;
				GCC_WARN_ABOUT_RETURN_TYPE = YES_ERROR;
				GCC_WARN_UNDECLARED_SELECTOR = YES;
				GCC_WARN_UNINITIALIZED_AUTOS = YES_AGGRESSIVE;
				GCC_WARN_UNUSED_FUNCTION = YES;
				GCC_WARN_UNUSED_VARIABLE = YES;
				IPHONEOS_DEPLOYMENT_TARGET = 17.0;
				LOCALIZATION_PREFERS_STRING_CATALOGS = YES;
				MTL_ENABLE_DEBUG_INFO = INCLUDE_SOURCE;
				MTL_FAST_MATH = YES;
				ONLY_ACTIVE_ARCH = YES;
				SDKROOT = iphoneos;
				SWIFT_ACTIVE_COMPILATION_CONDITIONS = "DEBUG $(inherited)";
				SWIFT_OPTIMIZATION_LEVEL = "-Onone";
			};
			name = Debug;
		};
		F000000A002 /* Release */ = {
			isa = XCBuildConfiguration;
			buildSettings = {
				ALWAYS_SEARCH_USER_PATHS = NO;
				ASSETCATALOG_COMPILER_GENERATE_SWIFT_ASSET_SYMBOL_EXTENSIONS = YES;
				CLANG_ANALYZER_NONNULL = YES;
				CLANG_ANALYZER_NUMBER_OBJECT_CONVERSION = YES_AGGRESSIVE;
				CLANG_CXX_LANGUAGE_STANDARD = "gnu++20";
				CLANG_ENABLE_MODULES = YES;
				CLANG_ENABLE_OBJC_ARC = YES;
				CLANG_ENABLE_OBJC_WEAK = YES;
				CLANG_WARN_BLOCK_CAPTURE_AUTORELEASING = YES;
				CLANG_WARN_BOOL_CONVERSION = YES;
				CLANG_WARN_COMMA = YES;
				CLANG_WARN_CONSTANT_CONVERSION = YES;
				CLANG_WARN_DEPRECATED_OBJC_IMPLEMENTATIONS = YES;
				CLANG_WARN_DIRECT_OBJC_ISA_USAGE = YES_ERROR;
				CLANG_WARN_DOCUMENTATION_COMMENTS = YES;
				CLANG_WARN_EMPTY_BODY = YES;
				CLANG_WARN_ENUM_CONVERSION = YES;
				CLANG_WARN_INFINITE_RECURSION = YES;
				CLANG_WARN_INT_CONVERSION = YES;
				CLANG_WARN_NON_LITERAL_NULL_CONVERSION = YES;
				CLANG_WARN_OBJC_IMPLICIT_RETAIN_SELF = YES;
				CLANG_WARN_OBJC_LITERAL_CONVERSION = YES;
				CLANG_WARN_OBJC_ROOT_CLASS = YES_ERROR;
				CLANG_WARN_QUOTED_INCLUDE_IN_FRAMEWORK_HEADER = YES;
				CLANG_WARN_RANGE_LOOP_ANALYSIS = YES;
				CLANG_WARN_STRICT_PROTOTYPES = YES;
				CLANG_WARN_SUSPICIOUS_MOVE = YES;
				CLANG_WARN_UNGUARDED_AVAILABILITY = YES_AGGRESSIVE;
				CLANG_WARN_UNREACHABLE_CODE = YES;
				CLANG_WARN__DUPLICATE_METHOD_MATCH = YES;
				COPY_PHASE_STRIP = NO;
				DEBUG_INFORMATION_FORMAT = "dwarf-with-dsym";
				ENABLE_NS_ASSERTIONS = NO;
				ENABLE_STRICT_OBJC_MSGSEND = YES;
				ENABLE_USER_SCRIPT_SANDBOXING = YES;
				GCC_C_LANGUAGE_STANDARD = gnu17;
				GCC_NO_COMMON_BLOCKS = YES;
				GCC_WARN_64_TO_32_BIT_CONVERSION = YES;
				GCC_WARN_ABOUT_RETURN_TYPE = YES_ERROR;
				GCC_WARN_UNDECLARED_SELECTOR = YES;
				GCC_WARN_UNINITIALIZED_AUTOS = YES_AGGRESSIVE;
				GCC_WARN_UNUSED_FUNCTION = YES;
				GCC_WARN_UNUSED_VARIABLE = YES;
				IPHONEOS_DEPLOYMENT_TARGET = 17.0;
				LOCALIZATION_PREFERS_STRING_CATALOGS = YES;
				MTL_ENABLE_DEBUG_INFO = NO;
				MTL_FAST_MATH = YES;
				SDKROOT = iphoneos;
				SWIFT_COMPILATION_MODE = wholemodule;
				VALIDATE_PRODUCT = YES;
			};
			name = Release;
		};
		F000000A003 /* Debug */ = {
			isa = XCBuildConfiguration;
			buildSettings = {
				ASSETCATALOG_COMPILER_APPICON_NAME = AppIcon;
				ASSETCATALOG_COMPILER_GLOBAL_ACCENT_COLOR_NAME = AccentColor;
				CODE_SIGN_STYLE = Automatic;
				CURRENT_PROJECT_VERSION = 1;
				DEVELOPMENT_TEAM = "";
				ENABLE_PREVIEWS = YES;
				GENERATE_INFOPLIST_FILE = YES;
				INFOPLIST_KEY_CFBundleDisplayName = "Super Drums";
				INFOPLIST_KEY_UIApplicationSceneManifest_Generation = YES;
				INFOPLIST_KEY_UIApplicationSupportsIndirectInputEvents = YES;
				INFOPLIST_KEY_UILaunchScreen_Generation = YES;
				INFOPLIST_KEY_UIRequiresFullScreen = NO;
				INFOPLIST_KEY_UISupportedInterfaceOrientations_iPad = "UIInterfaceOrientationLandscapeLeft UIInterfaceOrientationLandscapeRight UIInterfaceOrientationPortrait UIInterfaceOrientationPortraitUpsideDown";
				INFOPLIST_KEY_UIBackgroundModes = audio;
				LD_RUNPATH_SEARCH_PATHS = (
					"$(inherited)",
					"@executable_path/Frameworks",
				);
				MARKETING_VERSION = 1.0;
				PRODUCT_BUNDLE_IDENTIFIER = com.superdrums.app;
				PRODUCT_NAME = "$(TARGET_NAME)";
				SUPPORTED_PLATFORMS = "iphoneos iphonesimulator";
				SUPPORTS_MACCATALYST = NO;
				SUPPORTS_MAC_DESIGNED_FOR_IPHONE_IPAD = NO;
				SWIFT_EMIT_LOC_STRINGS = YES;
				SWIFT_VERSION = 5.0;
				TARGETED_DEVICE_FAMILY = 2;
			};
			name = Debug;
		};
		F000000A004 /* Release */ = {
			isa = XCBuildConfiguration;
			buildSettings = {
				ASSETCATALOG_COMPILER_APPICON_NAME = AppIcon;
				ASSETCATALOG_COMPILER_GLOBAL_ACCENT_COLOR_NAME = AccentColor;
				CODE_SIGN_STYLE = Automatic;
				CURRENT_PROJECT_VERSION = 1;
				DEVELOPMENT_TEAM = "";
				ENABLE_PREVIEWS = YES;
				GENERATE_INFOPLIST_FILE = YES;
				INFOPLIST_KEY_CFBundleDisplayName = "Super Drums";
				INFOPLIST_KEY_UIApplicationSceneManifest_Generation = YES;
				INFOPLIST_KEY_UIApplicationSupportsIndirectInputEvents = YES;
				INFOPLIST_KEY_UILaunchScreen_Generation = YES;
				INFOPLIST_KEY_UIRequiresFullScreen = NO;
				INFOPLIST_KEY_UISupportedInterfaceOrientations_iPad = "UIInterfaceOrientationLandscapeLeft UIInterfaceOrientationLandscapeRight UIInterfaceOrientationPortrait UIInterfaceOrientationPortraitUpsideDown";
				INFOPLIST_KEY_UIBackgroundModes = audio;
				LD_RUNPATH_SEARCH_PATHS = (
					"$(inherited)",
					"@executable_path/Frameworks",
				);
				MARKETING_VERSION = 1.0;
				PRODUCT_BUNDLE_IDENTIFIER = com.superdrums.app;
				PRODUCT_NAME = "$(TARGET_NAME)";
				SUPPORTED_PLATFORMS = "iphoneos iphonesimulator";
				SUPPORTS_MACCATALYST = NO;
				SUPPORTS_MAC_DESIGNED_FOR_IPHONE_IPAD = NO;
				SWIFT_EMIT_LOC_STRINGS = YES;
				SWIFT_VERSION = 5.0;
				TARGETED_DEVICE_FAMILY = 2;
			};
			name = Release;
		};
/* End XCBuildConfiguration section */

/* Begin XCConfigurationList section */
		F0000008001 /* Build configuration list for PBXNativeTarget "SuperDrums" */ = {
			isa = XCConfigurationList;
			buildConfigurations = (
				F000000A003 /* Debug */,
				F000000A004 /* Release */,
			);
			defaultConfigurationIsVisible = 0;
			defaultConfigurationName = Release;
		};
		F0000008002 /* Build configuration list for PBXProject "SuperDrums" */ = {
			isa = XCConfigurationList;
			buildConfigurations = (
				F000000A001 /* Debug */,
				F000000A002 /* Release */,
			);
			defaultConfigurationIsVisible = 0;
			defaultConfigurationName = Release;
		};
/* End XCConfigurationList section */
	};
	rootObject = F0000009001 /* Project object */;
}
